
Microsoft Visual Studio Solution File, Format Version 12.00
# Visual Studio Version 17
VisualStudioVersion = 17.0.31919.166
MinimumVisualStudioVersion = 10.0.40219.1
Project("{9A19103F-16F7-4668-BE54-9A1E7A4F7556}") = "Game.Server", "Game.Server\Game.Server.csproj", "{21B41ED9-839E-41B9-AE06-86810B82337D}"
EndProject
Project("{9A19103F-16F7-4668-BE54-9A1E7A4F7556}") = "Game.Shared", "Game.Shared\Game.Shared.csproj", "{CB1350D6-DE2C-4CDF-86FD-C7F35113260F}"
EndProject
Project("{2150E333-8FDC-42A3-9474-1A3956D46DE8}") = "test", "test", "{29F39A7F-7367-437B-B3B8-CAFED28EF9C7}"
	ProjectSection(SolutionItems) = preProject
		Test.html = Test.html
	EndProjectSection
EndProject
Global
	GlobalSection(SolutionConfigurationPlatforms) = preSolution
		Debug|Any CPU = Debug|Any CPU
		Release|Any CPU = Release|Any CPU
	EndGlobalSection
	GlobalSection(ProjectConfigurationPlatforms) = postSolution
		{21B41ED9-839E-41B9-AE06-86810B82337D}.Debug|Any CPU.ActiveCfg = Debug|Any CPU
		{21B41ED9-839E-41B9-AE06-86810B82337D}.Debug|Any CPU.Build.0 = Debug|Any CPU
		{21B41ED9-839E-41B9-AE06-86810B82337D}.Release|Any CPU.ActiveCfg = Release|Any CPU
		{21B41ED9-839E-41B9-AE06-86810B82337D}.Release|Any CPU.Build.0 = Release|Any CPU
		{CB1350D6-DE2C-4CDF-86FD-C7F35113260F}.Debug|Any CPU.ActiveCfg = Debug|Any CPU
		{CB1350D6-DE2C-4CDF-86FD-C7F35113260F}.Debug|Any CPU.Build.0 = Debug|Any CPU
		{CB1350D6-DE2C-4CDF-86FD-C7F35113260F}.Release|Any CPU.ActiveCfg = Release|Any CPU
		{CB1350D6-DE2C-4CDF-86FD-C7F35113260F}.Release|Any CPU.Build.0 = Release|Any CPU
	EndGlobalSection
	GlobalSection(SolutionProperties) = preSolution
		HideSolutionNode = FALSE
	EndGlobalSection
	GlobalSection(ExtensibilityGlobals) = postSolution
		SolutionGuid = {03C028D0-94C1-4B2A-B624-843526957B13}
	EndGlobalSection
EndGlobal
